
Microsoft Visual Studio Solution File, Format Version 12.00
# Visual Studio Version 16
VisualStudioVersion = 16.0.34031.81
MinimumVisualStudioVersion = 10.0.40219.1
Project("{FAE04EC0-301F-11D3-BF4B-00C04F79EFBC}") = "Dao", "Dao\Dao.csproj", "{D45F8A2E-A26C-4329-BD7A-C5B1020BDC25}"
EndProject
Project("{FAE04EC0-301F-11D3-BF4B-00C04F79EFBC}") = "Entidades", "Entidades\Entidades.csproj", "{F6BE9AD7-A935-4166-82FF-C5062D5AC6BC}"
EndProject
Project("{FAE04EC0-301F-11D3-BF4B-00C04F79EFBC}") = "Negocio", "Negocio\Negocio.csproj", "{9D5469CF-4E99-4735-9924-00A768356261}"
EndProject
Project("{FAE04EC0-301F-11D3-BF4B-00C04F79EFBC}") = "Vistas", "Vistas\Vistas.csproj", "{598B3A5D-066A-408F-ADF7-432221AEDB26}"
EndProject
Global
	GlobalSection(SolutionConfigurationPlatforms) = preSolution
		Debug|Any CPU = Debug|Any CPU
		Release|Any CPU = Release|Any CPU
	EndGlobalSection
	GlobalSection(ProjectConfigurationPlatforms) = postSolution
		{D45F8A2E-A26C-4329-BD7A-C5B1020BDC25}.Debug|Any CPU.ActiveCfg = Debug|Any CPU
		{D45F8A2E-A26C-4329-BD7A-C5B1020BDC25}.Debug|Any CPU.Build.0 = Debug|Any CPU
		{D45F8A2E-A26C-4329-BD7A-C5B1020BDC25}.Release|Any CPU.ActiveCfg = Release|Any CPU
		{D45F8A2E-A26C-4329-BD7A-C5B1020BDC25}.Release|Any CPU.Build.0 = Release|Any CPU
		{F6BE9AD7-A935-4166-82FF-C5062D5AC6BC}.Debug|Any CPU.ActiveCfg = Debug|Any CPU
		{F6BE9AD7-A935-4166-82FF-C5062D5AC6BC}.Debug|Any CPU.Build.0 = Debug|Any CPU
		{F6BE9AD7-A935-4166-82FF-C5062D5AC6BC}.Release|Any CPU.ActiveCfg = Release|Any CPU
		{F6BE9AD7-A935-4166-82FF-C5062D5AC6BC}.Release|Any CPU.Build.0 = Release|Any CPU
		{9D5469CF-4E99-4735-9924-00A768356261}.Debug|Any CPU.ActiveCfg = Debug|Any CPU
		{9D5469CF-4E99-4735-9924-00A768356261}.Debug|Any CPU.Build.0 = Debug|Any CPU
		{9D5469CF-4E99-4735-9924-00A768356261}.Release|Any CPU.ActiveCfg = Release|Any CPU
		{9D5469CF-4E99-4735-9924-00A768356261}.Release|Any CPU.Build.0 = Release|Any CPU
		{598B3A5D-066A-408F-ADF7-432221AEDB26}.Debug|Any CPU.ActiveCfg = Debug|Any CPU
		{598B3A5D-066A-408F-ADF7-432221AEDB26}.Debug|Any CPU.Build.0 = Debug|Any CPU
		{598B3A5D-066A-408F-ADF7-432221AEDB26}.Release|Any CPU.ActiveCfg = Release|Any CPU
		{598B3A5D-066A-408F-ADF7-432221AEDB26}.Release|Any CPU.Build.0 = Release|Any CPU
	EndGlobalSection
	GlobalSection(SolutionProperties) = preSolution
		HideSolutionNode = FALSE
	EndGlobalSection
	GlobalSection(ExtensibilityGlobals) = postSolution
		SolutionGuid = {D11F97F3-BE7B-4B0B-8D29-9A779BAA5615}
	EndGlobalSection
EndGlobal
